
Microsoft Visual Studio Solution File, Format Version 12.00
# Visual Studio Version 16
VisualStudioVersion = 16.0.31729.503
MinimumVisualStudioVersion = 10.0.40219.1
Project("{9A19103F-16F7-4668-BE54-9A1E7A4F7556}") = "api-loja", "api-loja.csproj", "{198335A2-579D-438D-99F9-5E667C51D28A}"
EndProject
Project("{2150E333-8FDC-42A3-9474-1A3956D46DE8}") = "Solution Items", "Solution Items", "{2110A0D5-8BD2-4E69-9B4B-DD88F1ECF50E}"
	ProjectSection(SolutionItems) = preProject
		.editorconfig = .editorconfig
	EndProjectSection
EndProject
Global
	GlobalSection(SolutionConfigurationPlatforms) = preSolution
		Debug|Any CPU = Debug|Any CPU
		Release|Any CPU = Release|Any CPU
	EndGlobalSection
	GlobalSection(ProjectConfigurationPlatforms) = postSolution
		{198335A2-579D-438D-99F9-5E667C51D28A}.Debug|Any CPU.ActiveCfg = Debug|Any CPU
		{198335A2-579D-438D-99F9-5E667C51D28A}.Debug|Any CPU.Build.0 = Debug|Any CPU
		{198335A2-579D-438D-99F9-5E667C51D28A}.Release|Any CPU.ActiveCfg = Release|Any CPU
		{198335A2-579D-438D-99F9-5E667C51D28A}.Release|Any CPU.Build.0 = Release|Any CPU
	EndGlobalSection
	GlobalSection(SolutionProperties) = preSolution
		HideSolutionNode = FALSE
	EndGlobalSection
	GlobalSection(ExtensibilityGlobals) = postSolution
		SolutionGuid = {08DC5E37-3B81-478A-B396-B88E743D574D}
	EndGlobalSection
EndGlobal
